
Microsoft Visual Studio Solution File, Format Version 12.00
# Visual Studio 15
VisualStudioVersion = 15.0.28307.421
MinimumVisualStudioVersion = 10.0.40219.1
Project("{9A19103F-16F7-4668-BE54-9A1E7A4F7556}") = "API", "API\API.csproj", "{BFC5AE8B-2509-4264-8288-9BFB78023D98}"
EndProject
Project("{FAE04EC0-301F-11D3-BF4B-00C04F79EFBC}") = "MVC", "MVC\MVC.csproj", "{4FC08752-DD20-4FB3-9652-573CE26664E3}"
EndProject
Global
	GlobalSection(SolutionConfigurationPlatforms) = preSolution
		Debug|Any CPU = Debug|Any CPU
		Release|Any CPU = Release|Any CPU
	EndGlobalSection
	GlobalSection(ProjectConfigurationPlatforms) = postSolution
		{BFC5AE8B-2509-4264-8288-9BFB78023D98}.Debug|Any CPU.ActiveCfg = Debug|Any CPU
		{BFC5AE8B-2509-4264-8288-9BFB78023D98}.Debug|Any CPU.Build.0 = Debug|Any CPU
		{BFC5AE8B-2509-4264-8288-9BFB78023D98}.Release|Any CPU.ActiveCfg = Release|Any CPU
		{BFC5AE8B-2509-4264-8288-9BFB78023D98}.Release|Any CPU.Build.0 = Release|Any CPU
		{4FC08752-DD20-4FB3-9652-573CE26664E3}.Debug|Any CPU.ActiveCfg = Debug|Any CPU
		{4FC08752-DD20-4FB3-9652-573CE26664E3}.Debug|Any CPU.Build.0 = Debug|Any CPU
		{4FC08752-DD20-4FB3-9652-573CE26664E3}.Release|Any CPU.ActiveCfg = Release|Any CPU
		{4FC08752-DD20-4FB3-9652-573CE26664E3}.Release|Any CPU.Build.0 = Release|Any CPU
	EndGlobalSection
	GlobalSection(SolutionProperties) = preSolution
		HideSolutionNode = FALSE
	EndGlobalSection
	GlobalSection(ExtensibilityGlobals) = postSolution
		SolutionGuid = {EDD8986B-ECAC-4348-BA18-19DA46A9717C}
	EndGlobalSection
EndGlobal
